// !$*UTF8*$!
{
	archiveVersion = 1;
	classes = {
	};
	objectVersion = 77;
	objects = {

/* Begin PBXBuildFile section */
		AA4C15622C7E3CCC008F5A43 /* AppDelegate.swift in Sources */ = {isa = PBXBuildFile; fileRef = AA4C15602C7E3CCC008F5A43 /* AppDelegate.swift */; };
		AA4C15632C7E3CCC008F5A43 /* HomeViewController.swift in Sources */ = {isa = PBXBuildFile; fileRef = AA4C15572C7E3CCC008F5A43 /* HomeViewController.swift */; };
		AA4C15642C7E3CCC008F5A43 /* Assets.xcassets in Resources */ = {isa = PBXBuildFile; fileRef = AA4C155B2C7E3CCC008F5A43 /* Assets.xcassets */; };
		AA4C15652C7E3CCC008F5A43 /* LaunchScreen.storyboard in Resources */ = {isa = PBXBuildFile; fileRef = AA4C155E2C7E3CCC008F5A43 /* LaunchScreen.storyboard */; };
		AA4C15732C7EB718008F5A43 /* HomeView.swift in Sources */ = {isa = PBXBuildFile; fileRef = AA4C15722C7EB718008F5A43 /* HomeView.swift */; };
		AA4C15772C7EB74D008F5A43 /* ViewConfig.swift in Sources */ = {isa = PBXBuildFile; fileRef = AA4C15762C7EB74A008F5A43 /* ViewConfig.swift */; };
		AA4C157C2C7EC7E2008F5A43 /* HomeViewCell.swift in Sources */ = {isa = PBXBuildFile; fileRef = AA4C157B2C7EC7E2008F5A43 /* HomeViewCell.swift */; };
		AA90B51A2C8005A3008C14AA /* Service.swift in Sources */ = {isa = PBXBuildFile; fileRef = AA90B5192C80059A008C14AA /* Service.swift */; };
		AA90B51D2C800756008C14AA /* Matches.swift in Sources */ = {isa = PBXBuildFile; fileRef = AA90B51C2C800751008C14AA /* Matches.swift */; };
		AA90B51F2C80098F008C14AA /* HomeViewModel.swift in Sources */ = {isa = PBXBuildFile; fileRef = AA90B51E2C800987008C14AA /* HomeViewModel.swift */; };
		AA90B5232C800DFD008C14AA /* HomeFactory.swift in Sources */ = {isa = PBXBuildFile; fileRef = AA90B5222C800DF9008C14AA /* HomeFactory.swift */; };
/* End PBXBuildFile section */

/* Begin PBXContainerItemProxy section */
		AA4C14DB2C7E39DC008F5A43 /* PBXContainerItemProxy */ = {
			isa = PBXContainerItemProxy;
			containerPortal = AA4C14BC2C7E39DA008F5A43 /* Project object */;
			proxyType = 1;
			remoteGlobalIDString = AA4C14C32C7E39DA008F5A43;
			remoteInfo = FuzeApp;
		};
		AA4C14E52C7E39DC008F5A43 /* PBXContainerItemProxy */ = {
			isa = PBXContainerItemProxy;
			containerPortal = AA4C14BC2C7E39DA008F5A43 /* Project object */;
			proxyType = 1;
			remoteGlobalIDString = AA4C14C32C7E39DA008F5A43;
			remoteInfo = FuzeApp;
		};
/* End PBXContainerItemProxy section */

/* Begin PBXFileReference section */
		AA4C14C42C7E39DA008F5A43 /* FuzeApp.app */ = {isa = PBXFileReference; explicitFileType = wrapper.application; includeInIndex = 0; path = FuzeApp.app; sourceTree = BUILT_PRODUCTS_DIR; };
		AA4C14DA2C7E39DC008F5A43 /* FuzeAppTests.xctest */ = {isa = PBXFileReference; explicitFileType = wrapper.cfbundle; includeInIndex = 0; path = FuzeAppTests.xctest; sourceTree = BUILT_PRODUCTS_DIR; };
		AA4C14E42C7E39DC008F5A43 /* FuzeAppUITests.xctest */ = {isa = PBXFileReference; explicitFileType = wrapper.cfbundle; includeInIndex = 0; path = FuzeAppUITests.xctest; sourceTree = BUILT_PRODUCTS_DIR; };
		AA4C15572C7E3CCC008F5A43 /* HomeViewController.swift */ = {isa = PBXFileReference; lastKnownFileType = sourcecode.swift; path = HomeViewController.swift; sourceTree = "<group>"; };
		AA4C155B2C7E3CCC008F5A43 /* Assets.xcassets */ = {isa = PBXFileReference; lastKnownFileType = folder.assetcatalog; path = Assets.xcassets; sourceTree = "<group>"; };
		AA4C155C2C7E3CCC008F5A43 /* Info.plist */ = {isa = PBXFileReference; lastKnownFileType = text.plist.xml; path = Info.plist; sourceTree = "<group>"; };
		AA4C155D2C7E3CCC008F5A43 /* LaunchScreen.storyboard */ = {isa = PBXFileReference; lastKnownFileType = file.storyboard; name = LaunchScreen.storyboard; path = Base.lproj/LaunchScreen.storyboard; sourceTree = "<group>"; };
		AA4C15602C7E3CCC008F5A43 /* AppDelegate.swift */ = {isa = PBXFileReference; lastKnownFileType = sourcecode.swift; path = AppDelegate.swift; sourceTree = "<group>"; };
		AA4C15722C7EB718008F5A43 /* HomeView.swift */ = {isa = PBXFileReference; lastKnownFileType = sourcecode.swift; path = HomeView.swift; sourceTree = "<group>"; };
		AA4C15762C7EB74A008F5A43 /* ViewConfig.swift */ = {isa = PBXFileReference; lastKnownFileType = sourcecode.swift; path = ViewConfig.swift; sourceTree = "<group>"; };
		AA4C157B2C7EC7E2008F5A43 /* HomeViewCell.swift */ = {isa = PBXFileReference; lastKnownFileType = sourcecode.swift; path = HomeViewCell.swift; sourceTree = "<group>"; };
		AA90B5192C80059A008C14AA /* Service.swift */ = {isa = PBXFileReference; lastKnownFileType = sourcecode.swift; path = Service.swift; sourceTree = "<group>"; };
		AA90B51C2C800751008C14AA /* Matches.swift */ = {isa = PBXFileReference; lastKnownFileType = sourcecode.swift; path = Matches.swift; sourceTree = "<group>"; };
		AA90B51E2C800987008C14AA /* HomeViewModel.swift */ = {isa = PBXFileReference; lastKnownFileType = sourcecode.swift; path = HomeViewModel.swift; sourceTree = "<group>"; };
		AA90B5222C800DF9008C14AA /* HomeFactory.swift */ = {isa = PBXFileReference; lastKnownFileType = sourcecode.swift; path = HomeFactory.swift; sourceTree = "<group>"; };
/* End PBXFileReference section */

/* Begin PBXFrameworksBuildPhase section */
		AA4C14C12C7E39DA008F5A43 /* Frameworks */ = {
			isa = PBXFrameworksBuildPhase;
			buildActionMask = 2147483647;
			files = (
			);
			runOnlyForDeploymentPostprocessing = 0;
		};
		AA4C14D72C7E39DC008F5A43 /* Frameworks */ = {
			isa = PBXFrameworksBuildPhase;
			buildActionMask = 2147483647;
			files = (
			);
			runOnlyForDeploymentPostprocessing = 0;
		};
		AA4C14E12C7E39DC008F5A43 /* Frameworks */ = {
			isa = PBXFrameworksBuildPhase;
			buildActionMask = 2147483647;
			files = (
			);
			runOnlyForDeploymentPostprocessing = 0;
		};
/* End PBXFrameworksBuildPhase section */

/* Begin PBXGroup section */
		AA4C14BB2C7E39DA008F5A43 = {
			isa = PBXGroup;
			children = (
				AA4C15562C7E3CA7008F5A43 /* FuzeApp */,
				AA4C14C52C7E39DA008F5A43 /* Products */,
			);
			sourceTree = "<group>";
		};
		AA4C14C52C7E39DA008F5A43 /* Products */ = {
			isa = PBXGroup;
			children = (
				AA4C14C42C7E39DA008F5A43 /* FuzeApp.app */,
				AA4C14DA2C7E39DC008F5A43 /* FuzeAppTests.xctest */,
				AA4C14E42C7E39DC008F5A43 /* FuzeAppUITests.xctest */,
			);
			name = Products;
			sourceTree = "<group>";
		};
		AA4C15562C7E3CA7008F5A43 /* FuzeApp */ = {
			isa = PBXGroup;
			children = (
				AA4C156B2C7E3CEA008F5A43 /* Start */,
				AA4C15742C7EB734008F5A43 /* Core */,
				AA4C156A2C7E3CE8008F5A43 /* Features */,
				AA4C15692C7E3CE5008F5A43 /* Resources */,
			);
			path = FuzeApp;
			sourceTree = "<group>";
		};
		AA4C15692C7E3CE5008F5A43 /* Resources */ = {
			isa = PBXGroup;
			children = (
				AA4C155C2C7E3CCC008F5A43 /* Info.plist */,
				AA4C155B2C7E3CCC008F5A43 /* Assets.xcassets */,
				AA4C155E2C7E3CCC008F5A43 /* LaunchScreen.storyboard */,
			);
			path = Resources;
			sourceTree = "<group>";
		};
		AA4C156A2C7E3CE8008F5A43 /* Features */ = {
			isa = PBXGroup;
			children = (
				AA4C156C2C7E3D14008F5A43 /* Scenes */,
			);
			path = Features;
			sourceTree = "<group>";
		};
		AA4C156B2C7E3CEA008F5A43 /* Start */ = {
			isa = PBXGroup;
			children = (
				AA4C15602C7E3CCC008F5A43 /* AppDelegate.swift */,
			);
			path = Start;
			sourceTree = "<group>";
		};
		AA4C156C2C7E3D14008F5A43 /* Scenes */ = {
			isa = PBXGroup;
			children = (
				AA4C156D2C7E3D1A008F5A43 /* Home */,
			);
			path = Scenes;
			sourceTree = "<group>";
		};
		AA4C156D2C7E3D1A008F5A43 /* Home */ = {
			isa = PBXGroup;
			children = (
				AA90B5212C800DF1008C14AA /* Factory */,
				AA4C15712C7EB69C008F5A43 /* Domain */,
				AA4C15702C7EB698008F5A43 /* Service */,
				AA4C156F2C7EB694008F5A43 /* Presentation */,
				AA4C156E2C7EB691008F5A43 /* UI */,
			);
			path = Home;
			sourceTree = "<group>";
		};
		AA4C156E2C7EB691008F5A43 /* UI */ = {
			isa = PBXGroup;
			children = (
				AA4C15722C7EB718008F5A43 /* HomeView.swift */,
				AA4C157B2C7EC7E2008F5A43 /* HomeViewCell.swift */,
				AA4C15572C7E3CCC008F5A43 /* HomeViewController.swift */,
			);
			path = UI;
			sourceTree = "<group>";
		};
		AA4C156F2C7EB694008F5A43 /* Presentation */ = {
			isa = PBXGroup;
			children = (
				AA90B51E2C800987008C14AA /* HomeViewModel.swift */,
			);
			path = Presentation;
			sourceTree = "<group>";
		};
		AA4C15702C7EB698008F5A43 /* Service */ = {
			isa = PBXGroup;
			children = (
				AA90B5192C80059A008C14AA /* Service.swift */,
			);
			path = Service;
			sourceTree = "<group>";
		};
		AA4C15712C7EB69C008F5A43 /* Domain */ = {
			isa = PBXGroup;
			children = (
				AA90B51C2C800751008C14AA /* Matches.swift */,
			);
			path = Domain;
			sourceTree = "<group>";
		};
		AA4C15742C7EB734008F5A43 /* Core */ = {
			isa = PBXGroup;
			children = (
				AA4C15782C7EBEBF008F5A43 /* Constants */,
				AA4C15752C7EB73F008F5A43 /* ViewConfig */,
			);
			path = Core;
			sourceTree = "<group>";
		};
		AA4C15752C7EB73F008F5A43 /* ViewConfig */ = {
			isa = PBXGroup;
			children = (
				AA4C15762C7EB74A008F5A43 /* ViewConfig.swift */,
			);
			path = ViewConfig;
			sourceTree = "<group>";
		};
		AA4C15782C7EBEBF008F5A43 /* Constants */ = {
			isa = PBXGroup;
			children = (
			);
			path = Constants;
			sourceTree = "<group>";
		};
		AA90B5212C800DF1008C14AA /* Factory */ = {
			isa = PBXGroup;
			children = (
				AA90B5222C800DF9008C14AA /* HomeFactory.swift */,
			);
			path = Factory;
			sourceTree = "<group>";
		};
/* End PBXGroup section */

/* Begin PBXNativeTarget section */
		AA4C14C32C7E39DA008F5A43 /* FuzeApp */ = {
			isa = PBXNativeTarget;
			buildConfigurationList = AA4C14ED2C7E39DC008F5A43 /* Build configuration list for PBXNativeTarget "FuzeApp" */;
			buildPhases = (
				AA4C14C02C7E39DA008F5A43 /* Sources */,
				AA4C14C12C7E39DA008F5A43 /* Frameworks */,
				AA4C14C22C7E39DA008F5A43 /* Resources */,
			);
			buildRules = (
			);
			dependencies = (
			);
			name = FuzeApp;
			packageProductDependencies = (
			);
			productName = FuzeApp;
			productReference = AA4C14C42C7E39DA008F5A43 /* FuzeApp.app */;
			productType = "com.apple.product-type.application";
		};
		AA4C14D92C7E39DC008F5A43 /* FuzeAppTests */ = {
			isa = PBXNativeTarget;
			buildConfigurationList = AA4C14F22C7E39DC008F5A43 /* Build configuration list for PBXNativeTarget "FuzeAppTests" */;
			buildPhases = (
				AA4C14D62C7E39DC008F5A43 /* Sources */,
				AA4C14D72C7E39DC008F5A43 /* Frameworks */,
				AA4C14D82C7E39DC008F5A43 /* Resources */,
			);
			buildRules = (
			);
			dependencies = (
				AA4C14DC2C7E39DC008F5A43 /* PBXTargetDependency */,
			);
			name = FuzeAppTests;
			packageProductDependencies = (
			);
			productName = FuzeAppTests;
			productReference = AA4C14DA2C7E39DC008F5A43 /* FuzeAppTests.xctest */;
			productType = "com.apple.product-type.bundle.unit-test";
		};
		AA4C14E32C7E39DC008F5A43 /* FuzeAppUITests */ = {
			isa = PBXNativeTarget;
			buildConfigurationList = AA4C14F52C7E39DC008F5A43 /* Build configuration list for PBXNativeTarget "FuzeAppUITests" */;
			buildPhases = (
				AA4C14E02C7E39DC008F5A43 /* Sources */,
				AA4C14E12C7E39DC008F5A43 /* Frameworks */,
				AA4C14E22C7E39DC008F5A43 /* Resources */,
			);
			buildRules = (
			);
			dependencies = (
				AA4C14E62C7E39DC008F5A43 /* PBXTargetDependency */,
			);
			name = FuzeAppUITests;
			packageProductDependencies = (
			);
			productName = FuzeAppUITests;
			productReference = AA4C14E42C7E39DC008F5A43 /* FuzeAppUITests.xctest */;
			productType = "com.apple.product-type.bundle.ui-testing";
		};
/* End PBXNativeTarget section */

/* Begin PBXProject section */
		AA4C14BC2C7E39DA008F5A43 /* Project object */ = {
			isa = PBXProject;
			attributes = {
				BuildIndependentTargetsInParallel = 1;
				LastSwiftUpdateCheck = 1600;
				LastUpgradeCheck = 1600;
				TargetAttributes = {
					AA4C14C32C7E39DA008F5A43 = {
						CreatedOnToolsVersion = 16.0;
					};
					AA4C14D92C7E39DC008F5A43 = {
						CreatedOnToolsVersion = 16.0;
						TestTargetID = AA4C14C32C7E39DA008F5A43;
					};
					AA4C14E32C7E39DC008F5A43 = {
						CreatedOnToolsVersion = 16.0;
						TestTargetID = AA4C14C32C7E39DA008F5A43;
					};
				};
			};
			buildConfigurationList = AA4C14BF2C7E39DA008F5A43 /* Build configuration list for PBXProject "FuzeApp" */;
			developmentRegion = en;
			hasScannedForEncodings = 0;
			knownRegions = (
				en,
				Base,
			);
			mainGroup = AA4C14BB2C7E39DA008F5A43;
			minimizedProjectReferenceProxies = 1;
			preferredProjectObjectVersion = 77;
			productRefGroup = AA4C14C52C7E39DA008F5A43 /* Products */;
			projectDirPath = "";
			projectRoot = "";
			targets = (
				AA4C14C32C7E39DA008F5A43 /* FuzeApp */,
				AA4C14D92C7E39DC008F5A43 /* FuzeAppTests */,
				AA4C14E32C7E39DC008F5A43 /* FuzeAppUITests */,
			);
		};
/* End PBXProject section */

/* Begin PBXResourcesBuildPhase section */
		AA4C14C22C7E39DA008F5A43 /* Resources */ = {
			isa = PBXResourcesBuildPhase;
			buildActionMask = 2147483647;
			files = (
				AA4C15652C7E3CCC008F5A43 /* LaunchScreen.storyboard in Resources */,
				AA4C15642C7E3CCC008F5A43 /* Assets.xcassets in Resources */,
			);
			runOnlyForDeploymentPostprocessing = 0;
		};
		AA4C14D82C7E39DC008F5A43 /* Resources */ = {
			isa = PBXResourcesBuildPhase;
			buildActionMask = 2147483647;
			files = (
			);
			runOnlyForDeploymentPostprocessing = 0;
		};
		AA4C14E22C7E39DC008F5A43 /* Resources */ = {
			isa = PBXResourcesBuildPhase;
			buildActionMask = 2147483647;
			files = (
			);
			runOnlyForDeploymentPostprocessing = 0;
		};
/* End PBXResourcesBuildPhase section */

/* Begin PBXSourcesBuildPhase section */
		AA4C14C02C7E39DA008F5A43 /* Sources */ = {
			isa = PBXSourcesBuildPhase;
			buildActionMask = 2147483647;
			files = (
				AA4C15772C7EB74D008F5A43 /* ViewConfig.swift in Sources */,
				AA90B51D2C800756008C14AA /* Matches.swift in Sources */,
				AA4C15732C7EB718008F5A43 /* HomeView.swift in Sources */,
				AA90B51F2C80098F008C14AA /* HomeViewModel.swift in Sources */,
				AA4C157C2C7EC7E2008F5A43 /* HomeViewCell.swift in Sources */,
				AA4C15622C7E3CCC008F5A43 /* AppDelegate.swift in Sources */,
				AA4C15632C7E3CCC008F5A43 /* HomeViewController.swift in Sources */,
				AA90B51A2C8005A3008C14AA /* Service.swift in Sources */,
				AA90B5232C800DFD008C14AA /* HomeFactory.swift in Sources */,
			);
			runOnlyForDeploymentPostprocessing = 0;
		};
		AA4C14D62C7E39DC008F5A43 /* Sources */ = {
			isa = PBXSourcesBuildPhase;
			buildActionMask = 2147483647;
			files = (
			);
			runOnlyForDeploymentPostprocessing = 0;
		};
		AA4C14E02C7E39DC008F5A43 /* Sources */ = {
			isa = PBXSourcesBuildPhase;
			buildActionMask = 2147483647;
			files = (
			);
			runOnlyForDeploymentPostprocessing = 0;
		};
/* End PBXSourcesBuildPhase section */

/* Begin PBXTargetDependency section */
		AA4C14DC2C7E39DC008F5A43 /* PBXTargetDependency */ = {
			isa = PBXTargetDependency;
			target = AA4C14C32C7E39DA008F5A43 /* FuzeApp */;
			targetProxy = AA4C14DB2C7E39DC008F5A43 /* PBXContainerItemProxy */;
		};
		AA4C14E62C7E39DC008F5A43 /* PBXTargetDependency */ = {
			isa = PBXTargetDependency;
			target = AA4C14C32C7E39DA008F5A43 /* FuzeApp */;
			targetProxy = AA4C14E52C7E39DC008F5A43 /* PBXContainerItemProxy */;
		};
/* End PBXTargetDependency section */

/* Begin PBXVariantGroup section */
		AA4C155E2C7E3CCC008F5A43 /* LaunchScreen.storyboard */ = {
			isa = PBXVariantGroup;
			children = (
				AA4C155D2C7E3CCC008F5A43 /* LaunchScreen.storyboard */,
			);
			name = LaunchScreen.storyboard;
			sourceTree = "<group>";
		};
/* End PBXVariantGroup section */

/* Begin XCBuildConfiguration section */
		AA4C14EE2C7E39DC008F5A43 /* Debug */ = {
			isa = XCBuildConfiguration;
			buildSettings = {
				ASSETCATALOG_COMPILER_APPICON_NAME = AppIcon;
				ASSETCATALOG_COMPILER_GLOBAL_ACCENT_COLOR_NAME = AccentColor;
				CODE_SIGN_STYLE = Automatic;
				CURRENT_PROJECT_VERSION = 1;
				DEVELOPMENT_TEAM = L923PSABUA;
				GENERATE_INFOPLIST_FILE = YES;
				INFOPLIST_FILE = FuzeApp/Resources/Info.plist;
				INFOPLIST_KEY_UIApplicationSupportsIndirectInputEvents = YES;
				INFOPLIST_KEY_UILaunchStoryboardName = LaunchScreen;
				INFOPLIST_KEY_UIMainStoryboardFile = "";
				INFOPLIST_KEY_UISupportedInterfaceOrientations_iPad = "UIInterfaceOrientationPortrait UIInterfaceOrientationPortraitUpsideDown UIInterfaceOrientationLandscapeLeft UIInterfaceOrientationLandscapeRight";
				INFOPLIST_KEY_UISupportedInterfaceOrientations_iPhone = "UIInterfaceOrientationPortrait UIInterfaceOrientationLandscapeLeft UIInterfaceOrientationLandscapeRight";
				LD_RUNPATH_SEARCH_PATHS = (
					"$(inherited)",
					"@executable_path/Frameworks",
				);
				MARKETING_VERSION = 1.0;
				PRODUCT_BUNDLE_IDENTIFIER = com.thiagomonteiro.FuzeApp;
				PRODUCT_NAME = "$(TARGET_NAME)";
				SWIFT_EMIT_LOC_STRINGS = YES;
				SWIFT_VERSION = 5.0;
				TARGETED_DEVICE_FAMILY = "1,2";
			};
			name = Debug;
		};
		AA4C14EF2C7E39DC008F5A43 /* Release */ = {
			isa = XCBuildConfiguration;
			buildSettings = {
				ASSETCATALOG_COMPILER_APPICON_NAME = AppIcon;
				ASSETCATALOG_COMPILER_GLOBAL_ACCENT_COLOR_NAME = AccentColor;
				CODE_SIGN_STYLE = Automatic;
				CURRENT_PROJECT_VERSION = 1;
				DEVELOPMENT_TEAM = L923PSABUA;
				GENERATE_INFOPLIST_FILE = YES;
				INFOPLIST_FILE = FuzeApp/Resources/Info.plist;
				INFOPLIST_KEY_UIApplicationSupportsIndirectInputEvents = YES;
				INFOPLIST_KEY_UILaunchStoryboardName = LaunchScreen;
				INFOPLIST_KEY_UIMainStoryboardFile = "";
				INFOPLIST_KEY_UISupportedInterfaceOrientations_iPad = "UIInterfaceOrientationPortrait UIInterfaceOrientationPortraitUpsideDown UIInterfaceOrientationLandscapeLeft UIInterfaceOrientationLandscapeRight";
				INFOPLIST_KEY_UISupportedInterfaceOrientations_iPhone = "UIInterfaceOrientationPortrait UIInterfaceOrientationLandscapeLeft UIInterfaceOrientationLandscapeRight";
				LD_RUNPATH_SEARCH_PATHS = (
					"$(inherited)",
					"@executable_path/Frameworks",
				);
				MARKETING_VERSION = 1.0;
				PRODUCT_BUNDLE_IDENTIFIER = com.thiagomonteiro.FuzeApp;
				PRODUCT_NAME = "$(TARGET_NAME)";
				SWIFT_EMIT_LOC_STRINGS = YES;
				SWIFT_VERSION = 5.0;
				TARGETED_DEVICE_FAMILY = "1,2";
			};
			name = Release;
		};
		AA4C14F02C7E39DC008F5A43 /* Debug */ = {
			isa = XCBuildConfiguration;
			buildSettings = {
				ALWAYS_SEARCH_USER_PATHS = NO;
				ASSETCATALOG_COMPILER_GENERATE_SWIFT_ASSET_SYMBOL_EXTENSIONS = YES;
				CLANG_ANALYZER_NONNULL = YES;
				CLANG_ANALYZER_NUMBER_OBJECT_CONVERSION = YES_AGGRESSIVE;
				CLANG_CXX_LANGUAGE_STANDARD = "gnu++20";
				CLANG_ENABLE_MODULES = YES;
				CLANG_ENABLE_OBJC_ARC = YES;
				CLANG_ENABLE_OBJC_WEAK = YES;
				CLANG_WARN_BLOCK_CAPTURE_AUTORELEASING = YES;
				CLANG_WARN_BOOL_CONVERSION = YES;
				CLANG_WARN_COMMA = YES;
				CLANG_WARN_CONSTANT_CONVERSION = YES;
				CLANG_WARN_DEPRECATED_OBJC_IMPLEMENTATIONS = YES;
				CLANG_WARN_DIRECT_OBJC_ISA_USAGE = YES_ERROR;
				CLANG_WARN_DOCUMENTATION_COMMENTS = YES;
				CLANG_WARN_EMPTY_BODY = YES;
				CLANG_WARN_ENUM_CONVERSION = YES;
				CLANG_WARN_INFINITE_RECURSION = YES;
				CLANG_WARN_INT_CONVERSION = YES;
				CLANG_WARN_NON_LITERAL_NULL_CONVERSION = YES;
				CLANG_WARN_OBJC_IMPLICIT_RETAIN_SELF = YES;
				CLANG_WARN_OBJC_LITERAL_CONVERSION = YES;
				CLANG_WARN_OBJC_ROOT_CLASS = YES_ERROR;
				CLANG_WARN_QUOTED_INCLUDE_IN_FRAMEWORK_HEADER = YES;
				CLANG_WARN_RANGE_LOOP_ANALYSIS = YES;
				CLANG_WARN_STRICT_PROTOTYPES = YES;
				CLANG_WARN_SUSPICIOUS_MOVE = YES;
				CLANG_WARN_UNGUARDED_AVAILABILITY = YES_AGGRESSIVE;
				CLANG_WARN_UNREACHABLE_CODE = YES;
				CLANG_WARN__DUPLICATE_METHOD_MATCH = YES;
				COPY_PHASE_STRIP = NO;
				DEBUG_INFORMATION_FORMAT = dwarf;
				ENABLE_STRICT_OBJC_MSGSEND = YES;
				ENABLE_TESTABILITY = YES;
				ENABLE_USER_SCRIPT_SANDBOXING = YES;
				GCC_C_LANGUAGE_STANDARD = gnu17;
				GCC_DYNAMIC_NO_PIC = NO;
				GCC_NO_COMMON_BLOCKS = YES;
				GCC_OPTIMIZATION_LEVEL = 0;
				GCC_PREPROCESSOR_DEFINITIONS = (
					"DEBUG=1",
					"$(inherited)",
				);
				GCC_WARN_64_TO_32_BIT_CONVERSION = YES;
				GCC_WARN_ABOUT_RETURN_TYPE = YES_ERROR;
				GCC_WARN_UNDECLARED_SELECTOR = YES;
				GCC_WARN_UNINITIALIZED_AUTOS = YES_AGGRESSIVE;
				GCC_WARN_UNUSED_FUNCTION = YES;
				GCC_WARN_UNUSED_VARIABLE = YES;
				IPHONEOS_DEPLOYMENT_TARGET = 18.0;
				LOCALIZATION_PREFERS_STRING_CATALOGS = YES;
				MTL_ENABLE_DEBUG_INFO = INCLUDE_SOURCE;
				MTL_FAST_MATH = YES;
				ONLY_ACTIVE_ARCH = YES;
				SDKROOT = iphoneos;
				SWIFT_ACTIVE_COMPILATION_CONDITIONS = "DEBUG $(inherited)";
				SWIFT_OPTIMIZATION_LEVEL = "-Onone";
			};
			name = Debug;
		};
		AA4C14F12C7E39DC008F5A43 /* Release */ = {
			isa = XCBuildConfiguration;
			buildSettings = {
				ALWAYS_SEARCH_USER_PATHS = NO;
				ASSETCATALOG_COMPILER_GENERATE_SWIFT_ASSET_SYMBOL_EXTENSIONS = YES;
				CLANG_ANALYZER_NONNULL = YES;
				CLANG_ANALYZER_NUMBER_OBJECT_CONVERSION = YES_AGGRESSIVE;
				CLANG_CXX_LANGUAGE_STANDARD = "gnu++20";
				CLANG_ENABLE_MODULES = YES;
				CLANG_ENABLE_OBJC_ARC = YES;
				CLANG_ENABLE_OBJC_WEAK = YES;
				CLANG_WARN_BLOCK_CAPTURE_AUTORELEASING = YES;
				CLANG_WARN_BOOL_CONVERSION = YES;
				CLANG_WARN_COMMA = YES;
				CLANG_WARN_CONSTANT_CONVERSION = YES;
				CLANG_WARN_DEPRECATED_OBJC_IMPLEMENTATIONS = YES;
				CLANG_WARN_DIRECT_OBJC_ISA_USAGE = YES_ERROR;
				CLANG_WARN_DOCUMENTATION_COMMENTS = YES;
				CLANG_WARN_EMPTY_BODY = YES;
				CLANG_WARN_ENUM_CONVERSION = YES;
				CLANG_WARN_INFINITE_RECURSION = YES;
				CLANG_WARN_INT_CONVERSION = YES;
				CLANG_WARN_NON_LITERAL_NULL_CONVERSION = YES;
				CLANG_WARN_OBJC_IMPLICIT_RETAIN_SELF = YES;
				CLANG_WARN_OBJC_LITERAL_CONVERSION = YES;
				CLANG_WARN_OBJC_ROOT_CLASS = YES_ERROR;
				CLANG_WARN_QUOTED_INCLUDE_IN_FRAMEWORK_HEADER = YES;
				CLANG_WARN_RANGE_LOOP_ANALYSIS = YES;
				CLANG_WARN_STRICT_PROTOTYPES = YES;
				CLANG_WARN_SUSPICIOUS_MOVE = YES;
				CLANG_WARN_UNGUARDED_AVAILABILITY = YES_AGGRESSIVE;
				CLANG_WARN_UNREACHABLE_CODE = YES;
				CLANG_WARN__DUPLICATE_METHOD_MATCH = YES;
				COPY_PHASE_STRIP = NO;
				DEBUG_INFORMATION_FORMAT = "dwarf-with-dsym";
				ENABLE_NS_ASSERTIONS = NO;
				ENABLE_STRICT_OBJC_MSGSEND = YES;
				ENABLE_USER_SCRIPT_SANDBOXING = YES;
				GCC_C_LANGUAGE_STANDARD = gnu17;
				GCC_NO_COMMON_BLOCKS = YES;
				GCC_WARN_64_TO_32_BIT_CONVERSION = YES;
				GCC_WARN_ABOUT_RETURN_TYPE = YES_ERROR;
				GCC_WARN_UNDECLARED_SELECTOR = YES;
				GCC_WARN_UNINITIALIZED_AUTOS = YES_AGGRESSIVE;
				GCC_WARN_UNUSED_FUNCTION = YES;
				GCC_WARN_UNUSED_VARIABLE = YES;
				IPHONEOS_DEPLOYMENT_TARGET = 18.0;
				LOCALIZATION_PREFERS_STRING_CATALOGS = YES;
				MTL_ENABLE_DEBUG_INFO = NO;
				MTL_FAST_MATH = YES;
				SDKROOT = iphoneos;
				SWIFT_COMPILATION_MODE = wholemodule;
				VALIDATE_PRODUCT = YES;
			};
			name = Release;
		};
		AA4C14F32C7E39DC008F5A43 /* Debug */ = {
			isa = XCBuildConfiguration;
			buildSettings = {
				BUNDLE_LOADER = "$(TEST_HOST)";
				CODE_SIGN_STYLE = Automatic;
				CURRENT_PROJECT_VERSION = 1;
				DEVELOPMENT_TEAM = L923PSABUA;
				GENERATE_INFOPLIST_FILE = YES;
				IPHONEOS_DEPLOYMENT_TARGET = 18.0;
				MARKETING_VERSION = 1.0;
				PRODUCT_BUNDLE_IDENTIFIER = com.thiagomonteiro.FuzeAppTests;
				PRODUCT_NAME = "$(TARGET_NAME)";
				SWIFT_EMIT_LOC_STRINGS = NO;
				SWIFT_VERSION = 5.0;
				TARGETED_DEVICE_FAMILY = "1,2";
				TEST_HOST = "$(BUILT_PRODUCTS_DIR)/FuzeApp.app/$(BUNDLE_EXECUTABLE_FOLDER_PATH)/FuzeApp";
			};
			name = Debug;
		};
		AA4C14F42C7E39DC008F5A43 /* Release */ = {
			isa = XCBuildConfiguration;
			buildSettings = {
				BUNDLE_LOADER = "$(TEST_HOST)";
				CODE_SIGN_STYLE = Automatic;
				CURRENT_PROJECT_VERSION = 1;
				DEVELOPMENT_TEAM = L923PSABUA;
				GENERATE_INFOPLIST_FILE = YES;
				IPHONEOS_DEPLOYMENT_TARGET = 18.0;
				MARKETING_VERSION = 1.0;
				PRODUCT_BUNDLE_IDENTIFIER = com.thiagomonteiro.FuzeAppTests;
				PRODUCT_NAME = "$(TARGET_NAME)";
				SWIFT_EMIT_LOC_STRINGS = NO;
				SWIFT_VERSION = 5.0;
				TARGETED_DEVICE_FAMILY = "1,2";
				TEST_HOST = "$(BUILT_PRODUCTS_DIR)/FuzeApp.app/$(BUNDLE_EXECUTABLE_FOLDER_PATH)/FuzeApp";
			};
			name = Release;
		};
		AA4C14F62C7E39DC008F5A43 /* Debug */ = {
			isa = XCBuildConfiguration;
			buildSettings = {
				CODE_SIGN_STYLE = Automatic;
				CURRENT_PROJECT_VERSION = 1;
				DEVELOPMENT_TEAM = L923PSABUA;
				GENERATE_INFOPLIST_FILE = YES;
				MARKETING_VERSION = 1.0;
				PRODUCT_BUNDLE_IDENTIFIER = com.thiagomonteiro.FuzeAppUITests;
				PRODUCT_NAME = "$(TARGET_NAME)";
				SWIFT_EMIT_LOC_STRINGS = NO;
				SWIFT_VERSION = 5.0;
				TARGETED_DEVICE_FAMILY = "1,2";
				TEST_TARGET_NAME = FuzeApp;
			};
			name = Debug;
		};
		AA4C14F72C7E39DC008F5A43 /* Release */ = {
			isa = XCBuildConfiguration;
			buildSettings = {
				CODE_SIGN_STYLE = Automatic;
				CURRENT_PROJECT_VERSION = 1;
				DEVELOPMENT_TEAM = L923PSABUA;
				GENERATE_INFOPLIST_FILE = YES;
				MARKETING_VERSION = 1.0;
				PRODUCT_BUNDLE_IDENTIFIER = com.thiagomonteiro.FuzeAppUITests;
				PRODUCT_NAME = "$(TARGET_NAME)";
				SWIFT_EMIT_LOC_STRINGS = NO;
				SWIFT_VERSION = 5.0;
				TARGETED_DEVICE_FAMILY = "1,2";
				TEST_TARGET_NAME = FuzeApp;
			};
			name = Release;
		};
/* End XCBuildConfiguration section */

/* Begin XCConfigurationList section */
		AA4C14BF2C7E39DA008F5A43 /* Build configuration list for PBXProject "FuzeApp" */ = {
			isa = XCConfigurationList;
			buildConfigurations = (
				AA4C14F02C7E39DC008F5A43 /* Debug */,
				AA4C14F12C7E39DC008F5A43 /* Release */,
			);
			defaultConfigurationIsVisible = 0;
			defaultConfigurationName = Release;
		};
		AA4C14ED2C7E39DC008F5A43 /* Build configuration list for PBXNativeTarget "FuzeApp" */ = {
			isa = XCConfigurationList;
			buildConfigurations = (
				AA4C14EE2C7E39DC008F5A43 /* Debug */,
				AA4C14EF2C7E39DC008F5A43 /* Release */,
			);
			defaultConfigurationIsVisible = 0;
			defaultConfigurationName = Release;
		};
		AA4C14F22C7E39DC008F5A43 /* Build configuration list for PBXNativeTarget "FuzeAppTests" */ = {
			isa = XCConfigurationList;
			buildConfigurations = (
				AA4C14F32C7E39DC008F5A43 /* Debug */,
				AA4C14F42C7E39DC008F5A43 /* Release */,
			);
			defaultConfigurationIsVisible = 0;
			defaultConfigurationName = Release;
		};
		AA4C14F52C7E39DC008F5A43 /* Build configuration list for PBXNativeTarget "FuzeAppUITests" */ = {
			isa = XCConfigurationList;
			buildConfigurations = (
				AA4C14F62C7E39DC008F5A43 /* Debug */,
				AA4C14F72C7E39DC008F5A43 /* Release */,
			);
			defaultConfigurationIsVisible = 0;
			defaultConfigurationName = Release;
		};
/* End XCConfigurationList section */
	};
	rootObject = AA4C14BC2C7E39DA008F5A43 /* Project object */;
}
